
Microsoft Visual Studio Solution File, Format Version 12.00
# Visual Studio Version 16
VisualStudioVersion = 16.0.31729.503
MinimumVisualStudioVersion = 10.0.40219.1
Project("{9A19103F-16F7-4668-BE54-9A1E7A4F7556}") = "BT_AUTO_2021_Programming", "BT_AUTO_2021_Programming\BT_AUTO_2021_Programming.csproj", "{6625F131-1923-4FA0-99F1-A12CFFB775F4}"
EndProject
Project("{9A19103F-16F7-4668-BE54-9A1E7A4F7556}") = "NUnit_Auto_2022", "NUnit_Auto_2022\NUnit_Auto_2022.csproj", "{B7118B99-2B00-4331-AF2C-47BEDB462571}"
EndProject
Project("{9A19103F-16F7-4668-BE54-9A1E7A4F7556}") = "MSTest_Auto_2022", "MSTest_Auto_2022\MSTest_Auto_2022.csproj", "{A7990C62-940D-481E-84D7-3B5D3E51BC86}"
EndProject
Project("{9A19103F-16F7-4668-BE54-9A1E7A4F7556}") = "XUnit_Auto_2022", "XUnit_Auto_2022\XUnit_Auto_2022.csproj", "{40227EF2-A533-47CF-B2BC-C1353C0E3DEC}"
EndProject
Project("{FAE04EC0-301F-11D3-BF4B-00C04F79EFBC}") = "TestProject1", "TestProject1\TestProject1.csproj", "{14450069-0B8A-4958-823E-7C0FFAC649FB}"
EndProject
Global
	GlobalSection(SolutionConfigurationPlatforms) = preSolution
		Debug|Any CPU = Debug|Any CPU
		Release|Any CPU = Release|Any CPU
	EndGlobalSection
	GlobalSection(ProjectConfigurationPlatforms) = postSolution
		{6625F131-1923-4FA0-99F1-A12CFFB775F4}.Debug|Any CPU.ActiveCfg = Debug|Any CPU
		{6625F131-1923-4FA0-99F1-A12CFFB775F4}.Debug|Any CPU.Build.0 = Debug|Any CPU
		{6625F131-1923-4FA0-99F1-A12CFFB775F4}.Release|Any CPU.ActiveCfg = Release|Any CPU
		{6625F131-1923-4FA0-99F1-A12CFFB775F4}.Release|Any CPU.Build.0 = Release|Any CPU
		{B7118B99-2B00-4331-AF2C-47BEDB462571}.Debug|Any CPU.ActiveCfg = Debug|Any CPU
		{B7118B99-2B00-4331-AF2C-47BEDB462571}.Debug|Any CPU.Build.0 = Debug|Any CPU
		{B7118B99-2B00-4331-AF2C-47BEDB462571}.Release|Any CPU.ActiveCfg = Release|Any CPU
		{B7118B99-2B00-4331-AF2C-47BEDB462571}.Release|Any CPU.Build.0 = Release|Any CPU
		{A7990C62-940D-481E-84D7-3B5D3E51BC86}.Debug|Any CPU.ActiveCfg = Debug|Any CPU
		{A7990C62-940D-481E-84D7-3B5D3E51BC86}.Debug|Any CPU.Build.0 = Debug|Any CPU
		{A7990C62-940D-481E-84D7-3B5D3E51BC86}.Release|Any CPU.ActiveCfg = Release|Any CPU
		{A7990C62-940D-481E-84D7-3B5D3E51BC86}.Release|Any CPU.Build.0 = Release|Any CPU
		{40227EF2-A533-47CF-B2BC-C1353C0E3DEC}.Debug|Any CPU.ActiveCfg = Debug|Any CPU
		{40227EF2-A533-47CF-B2BC-C1353C0E3DEC}.Debug|Any CPU.Build.0 = Debug|Any CPU
		{40227EF2-A533-47CF-B2BC-C1353C0E3DEC}.Release|Any CPU.ActiveCfg = Release|Any CPU
		{40227EF2-A533-47CF-B2BC-C1353C0E3DEC}.Release|Any CPU.Build.0 = Release|Any CPU
		{14450069-0B8A-4958-823E-7C0FFAC649FB}.Debug|Any CPU.ActiveCfg = Debug|Any CPU
		{14450069-0B8A-4958-823E-7C0FFAC649FB}.Debug|Any CPU.Build.0 = Debug|Any CPU
		{14450069-0B8A-4958-823E-7C0FFAC649FB}.Release|Any CPU.ActiveCfg = Release|Any CPU
		{14450069-0B8A-4958-823E-7C0FFAC649FB}.Release|Any CPU.Build.0 = Release|Any CPU
	EndGlobalSection
	GlobalSection(SolutionProperties) = preSolution
		HideSolutionNode = FALSE
	EndGlobalSection
	GlobalSection(ExtensibilityGlobals) = postSolution
		SolutionGuid = {C000D3D4-6FA9-41EC-9294-02D39F57F587}
	EndGlobalSection
EndGlobal
